
Microsoft Visual Studio Solution File, Format Version 12.00
# Visual Studio Version 16
VisualStudioVersion = 16.0.31702.278
MinimumVisualStudioVersion = 10.0.40219.1
Project("{FAE04EC0-301F-11D3-BF4B-00C04F79EFBC}") = "AutosColombia", "AutosColombia\AutosColombia.csproj", "{575EF71F-3E0E-4644-9EE2-727121AF8502}"
EndProject
Project("{FAE04EC0-301F-11D3-BF4B-00C04F79EFBC}") = "AutosColombia.ModeloDatos", "AutosColombia.ModeloDatos\AutosColombia.ModeloDatos.csproj", "{1127CBA9-B5D1-4EF2-9176-69289D93796D}"
EndProject
Project("{FAE04EC0-301F-11D3-BF4B-00C04F79EFBC}") = "AutosColombia.Negocio", "AutosColombia.Negocio\AutosColombia.Negocio.csproj", "{0CE2BF37-5D57-4AB9-B014-EA8C1087B06A}"
EndProject
Project("{FAE04EC0-301F-11D3-BF4B-00C04F79EFBC}") = "AutosColombia.ServicioDatos", "AutosColombia.ServicioDatos\AutosColombia.ServicioDatos.csproj", "{91C16C00-FCE6-427C-976B-7581861282E6}"
EndProject
Project("{FAE04EC0-301F-11D3-BF4B-00C04F79EFBC}") = "AutosColombia.Comunes", "AutosColombia.Comunes\AutosColombia.Comunes.csproj", "{3B8F3FDB-4CD1-463D-8EF1-CEF0335F4800}"
EndProject
Global
	GlobalSection(SolutionConfigurationPlatforms) = preSolution
		Debug|Any CPU = Debug|Any CPU
		Release|Any CPU = Release|Any CPU
	EndGlobalSection
	GlobalSection(ProjectConfigurationPlatforms) = postSolution
		{575EF71F-3E0E-4644-9EE2-727121AF8502}.Debug|Any CPU.ActiveCfg = Debug|Any CPU
		{575EF71F-3E0E-4644-9EE2-727121AF8502}.Debug|Any CPU.Build.0 = Debug|Any CPU
		{575EF71F-3E0E-4644-9EE2-727121AF8502}.Release|Any CPU.ActiveCfg = Release|Any CPU
		{575EF71F-3E0E-4644-9EE2-727121AF8502}.Release|Any CPU.Build.0 = Release|Any CPU
		{1127CBA9-B5D1-4EF2-9176-69289D93796D}.Debug|Any CPU.ActiveCfg = Debug|Any CPU
		{1127CBA9-B5D1-4EF2-9176-69289D93796D}.Debug|Any CPU.Build.0 = Debug|Any CPU
		{1127CBA9-B5D1-4EF2-9176-69289D93796D}.Release|Any CPU.ActiveCfg = Release|Any CPU
		{1127CBA9-B5D1-4EF2-9176-69289D93796D}.Release|Any CPU.Build.0 = Release|Any CPU
		{0CE2BF37-5D57-4AB9-B014-EA8C1087B06A}.Debug|Any CPU.ActiveCfg = Debug|Any CPU
		{0CE2BF37-5D57-4AB9-B014-EA8C1087B06A}.Debug|Any CPU.Build.0 = Debug|Any CPU
		{0CE2BF37-5D57-4AB9-B014-EA8C1087B06A}.Release|Any CPU.ActiveCfg = Release|Any CPU
		{0CE2BF37-5D57-4AB9-B014-EA8C1087B06A}.Release|Any CPU.Build.0 = Release|Any CPU
		{91C16C00-FCE6-427C-976B-7581861282E6}.Debug|Any CPU.ActiveCfg = Debug|Any CPU
		{91C16C00-FCE6-427C-976B-7581861282E6}.Debug|Any CPU.Build.0 = Debug|Any CPU
		{91C16C00-FCE6-427C-976B-7581861282E6}.Release|Any CPU.ActiveCfg = Release|Any CPU
		{91C16C00-FCE6-427C-976B-7581861282E6}.Release|Any CPU.Build.0 = Release|Any CPU
		{3B8F3FDB-4CD1-463D-8EF1-CEF0335F4800}.Debug|Any CPU.ActiveCfg = Debug|Any CPU
		{3B8F3FDB-4CD1-463D-8EF1-CEF0335F4800}.Debug|Any CPU.Build.0 = Debug|Any CPU
		{3B8F3FDB-4CD1-463D-8EF1-CEF0335F4800}.Release|Any CPU.ActiveCfg = Release|Any CPU
		{3B8F3FDB-4CD1-463D-8EF1-CEF0335F4800}.Release|Any CPU.Build.0 = Release|Any CPU
	EndGlobalSection
	GlobalSection(SolutionProperties) = preSolution
		HideSolutionNode = FALSE
	EndGlobalSection
	GlobalSection(ExtensibilityGlobals) = postSolution
		SolutionGuid = {852F2593-CC94-487B-BD57-BE0D855DE2BF}
	EndGlobalSection
EndGlobal
